
Microsoft Visual Studio Solution File, Format Version 12.00
# Visual Studio Version 17
VisualStudioVersion = 17.2.32602.215
MinimumVisualStudioVersion = 10.0.40219.1
Project("{FAE04EC0-301F-11D3-BF4B-00C04F79EFBC}") = "gravitymmTestConsoleApp", "gravitymmTestConsoleApp\gravitymmTestConsoleApp.csproj", "{CA935930-6FC5-4BF3-A8A6-BEFE59027C78}"
EndProject
Global
	GlobalSection(SolutionConfigurationPlatforms) = preSolution
		Debug|Any CPU = Debug|Any CPU
		Release|Any CPU = Release|Any CPU
	EndGlobalSection
	GlobalSection(ProjectConfigurationPlatforms) = postSolution
		{CA935930-6FC5-4BF3-A8A6-BEFE59027C78}.Debug|Any CPU.ActiveCfg = Debug|Any CPU
		{CA935930-6FC5-4BF3-A8A6-BEFE59027C78}.Debug|Any CPU.Build.0 = Debug|Any CPU
		{CA935930-6FC5-4BF3-A8A6-BEFE59027C78}.Release|Any CPU.ActiveCfg = Release|Any CPU
		{CA935930-6FC5-4BF3-A8A6-BEFE59027C78}.Release|Any CPU.Build.0 = Release|Any CPU
	EndGlobalSection
	GlobalSection(SolutionProperties) = preSolution
		HideSolutionNode = FALSE
	EndGlobalSection
	GlobalSection(ExtensibilityGlobals) = postSolution
		SolutionGuid = {FC549AB3-FE54-40FA-99B5-62CC9D69A516}
	EndGlobalSection
EndGlobal
